
Microsoft Visual Studio Solution File, Format Version 12.00
# Visual Studio 15
VisualStudioVersion = 15.0.28010.2050
MinimumVisualStudioVersion = 10.0.40219.1
Project("{FAE04EC0-301F-11D3-BF4B-00C04F79EFBC}") = "Waterworks", "Waterworks\Waterworks.csproj", "{1D80724E-5B3A-4438-89B6-A174C98E296E}"
EndProject
Global
	GlobalSection(SolutionConfigurationPlatforms) = preSolution
		Debug|Any CPU = Debug|Any CPU
		Release|Any CPU = Release|Any CPU
	EndGlobalSection
	GlobalSection(ProjectConfigurationPlatforms) = postSolution
		{1D80724E-5B3A-4438-89B6-A174C98E296E}.Debug|Any CPU.ActiveCfg = Debug|Any CPU
		{1D80724E-5B3A-4438-89B6-A174C98E296E}.Debug|Any CPU.Build.0 = Debug|Any CPU
		{1D80724E-5B3A-4438-89B6-A174C98E296E}.Release|Any CPU.ActiveCfg = Release|Any CPU
		{1D80724E-5B3A-4438-89B6-A174C98E296E}.Release|Any CPU.Build.0 = Release|Any CPU
	EndGlobalSection
	GlobalSection(SolutionProperties) = preSolution
		HideSolutionNode = FALSE
	EndGlobalSection
	GlobalSection(ExtensibilityGlobals) = postSolution
		SolutionGuid = {6FA600F7-27A1-4EB0-B72C-FF9E5487D45E}
	EndGlobalSection
EndGlobal
